
Microsoft Visual Studio Solution File, Format Version 12.00
# Visual Studio 15
VisualStudioVersion = 15.0.28010.2046
MinimumVisualStudioVersion = 10.0.40219.1
Project("{FAE04EC0-301F-11D3-BF4B-00C04F79EFBC}") = "LOOPTASK02", "LOOPTASK02\LOOPTASK02.csproj", "{BAF1A8D6-08A8-40D9-85F3-140FDC11567E}"
EndProject
Global
	GlobalSection(SolutionConfigurationPlatforms) = preSolution
		Debug|Any CPU = Debug|Any CPU
		Release|Any CPU = Release|Any CPU
	EndGlobalSection
	GlobalSection(ProjectConfigurationPlatforms) = postSolution
		{BAF1A8D6-08A8-40D9-85F3-140FDC11567E}.Debug|Any CPU.ActiveCfg = Debug|Any CPU
		{BAF1A8D6-08A8-40D9-85F3-140FDC11567E}.Debug|Any CPU.Build.0 = Debug|Any CPU
		{BAF1A8D6-08A8-40D9-85F3-140FDC11567E}.Release|Any CPU.ActiveCfg = Release|Any CPU
		{BAF1A8D6-08A8-40D9-85F3-140FDC11567E}.Release|Any CPU.Build.0 = Release|Any CPU
	EndGlobalSection
	GlobalSection(SolutionProperties) = preSolution
		HideSolutionNode = FALSE
	EndGlobalSection
	GlobalSection(ExtensibilityGlobals) = postSolution
		SolutionGuid = {8462DBB2-56BE-457D-91CC-E90F898B4598}
	EndGlobalSection
EndGlobal
