
Microsoft Visual Studio Solution File, Format Version 12.00
# Visual Studio 15
VisualStudioVersion = 15.0.28010.2046
MinimumVisualStudioVersion = 10.0.40219.1
Project("{FAE04EC0-301F-11D3-BF4B-00C04F79EFBC}") = "PracticeLoop01", "PracticeLoop01\PracticeLoop01.csproj", "{8A9C4F31-2973-43DD-9812-082D7F18240D}"
EndProject
Global
	GlobalSection(SolutionConfigurationPlatforms) = preSolution
		Debug|Any CPU = Debug|Any CPU
		Release|Any CPU = Release|Any CPU
	EndGlobalSection
	GlobalSection(ProjectConfigurationPlatforms) = postSolution
		{8A9C4F31-2973-43DD-9812-082D7F18240D}.Debug|Any CPU.ActiveCfg = Debug|Any CPU
		{8A9C4F31-2973-43DD-9812-082D7F18240D}.Debug|Any CPU.Build.0 = Debug|Any CPU
		{8A9C4F31-2973-43DD-9812-082D7F18240D}.Release|Any CPU.ActiveCfg = Release|Any CPU
		{8A9C4F31-2973-43DD-9812-082D7F18240D}.Release|Any CPU.Build.0 = Release|Any CPU
	EndGlobalSection
	GlobalSection(SolutionProperties) = preSolution
		HideSolutionNode = FALSE
	EndGlobalSection
	GlobalSection(ExtensibilityGlobals) = postSolution
		SolutionGuid = {ED5C7283-EB18-4056-911A-4FC134C08DE5}
	EndGlobalSection
EndGlobal
